<?xml version="1.0"?>
<CONFIG>
  <ProjectOptions>
    <Version Value="9"/>
    <General>
      <Flags>
        <MainUnitHasUsesSectionForAllUnits Value="False"/>
        <MainUnitHasCreateFormStatements Value="False"/>
        <MainUnitHasTitleStatement Value="False"/>
      </Flags>
      <MainUnit Value="0"/>
      <Title Value="AncestroWeb"/>
      <ResourceType Value="res"/>
      <UseXPManifest Value="True"/>
      <Icon Value="0"/>
      <ActiveWindowIndexAtStart Value="0"/>
    </General>
    <i18n>
      <EnableI18N LFM="False"/>
    </i18n>
    <VersionInfo>
      <UseVersionInfo Value="True"/>
      <MinorVersionNr Value="9"/>
      <RevisionNr Value="9"/>
      <StringTable ProductVersion=""/>
    </VersionInfo>
    <BuildModes Count="1" Active="Default">
      <Item1 Name="Default" Default="True"/>
    </BuildModes>
    <PublishOptions>
      <Version Value="2"/>
      <IncludeFileFilter Value="*.(pas|pp|inc|lfm|lpr|lrs|lpi|lpk|sh|xml)"/>
      <ExcludeFileFilter Value="*.(bak|ppu|o|so);*~;backup"/>
    </PublishOptions>
    <RunParams>
      <local>
        <FormatVersion Value="1"/>
        <LaunchingApplication PathPlusParams="/usr/bin/xterm -T 'Lazarus Run Output' -e $(LazarusDir)/tools/runwait.sh $(TargetCmdLine)"/>
      </local>
    </RunParams>
    <RequiredPackages Count="7">
      <Item1>
        <PackageName Value="lazfonctions"/>
      </Item1>
      <Item2>
        <PackageName Value="JvXPBarLaz"/>
      </Item2>
      <Item3>
        <PackageName Value="ExtHTML"/>
      </Item3>
      <Item4>
        <PackageName Value="ExtCopy"/>
      </Item4>
      <Item5>
        <PackageName Value="FCL"/>
        <MinVersion Major="1" Valid="True"/>
      </Item5>
      <Item6>
        <PackageName Value="LCL"/>
        <MinVersion Major="1" Valid="True"/>
      </Item6>
      <Item7>
        <PackageName Value="ibexpress"/>
      </Item7>
    </RequiredPackages>
    <Units Count="24">
      <Unit0>
        <Filename Value="AncestroWeb.dpr"/>
        <IsPartOfProject Value="True"/>
        <UnitName Value="AncestroWeb"/>
        <WindowIndex Value="0"/>
        <TopLine Value="1"/>
        <CursorPos X="16" Y="33"/>
        <UsageCount Value="23"/>
        <DefaultSyntaxHighlighter Value="Delphi"/>
      </Unit0>
      <Unit1>
        <Filename Value="DefObjet.pas"/>
        <IsPartOfProject Value="True"/>
        <UnitName Value="DefObjet"/>
        <EditorIndex Value="0"/>
        <WindowIndex Value="0"/>
        <TopLine Value="12"/>
        <CursorPos X="1" Y="23"/>
        <UsageCount Value="23"/>
        <Loaded Value="True"/>
        <DefaultSyntaxHighlighter Value="Delphi"/>
      </Unit1>
      <Unit2>
        <Filename Value="U_Form_Main.pas"/>
        <ComponentName Value="FMain"/>
        <HasResources Value="True"/>
        <ResourceBaseClass Value="Form"/>
        <UnitName Value="U_Form_Main"/>
        <WindowIndex Value="0"/>
        <TopLine Value="1"/>
        <CursorPos X="3" Y="1"/>
        <UsageCount Value="20"/>
        <DefaultSyntaxHighlighter Value="Delphi"/>
      </Unit2>
      <Unit3>
        <Filename Value="U_DM.pas"/>
        <ComponentName Value="DM"/>
        <HasResources Value="True"/>
        <ResourceBaseClass Value="DataModule"/>
        <UnitName Value="U_DM"/>
        <WindowIndex Value="0"/>
        <TopLine Value="1"/>
        <CursorPos X="28" Y="1"/>
        <UsageCount Value="20"/>
        <DefaultSyntaxHighlighter Value="Delphi"/>
      </Unit3>
      <Unit4>
        <Filename Value="U_Form_Main.lfm"/>
        <WindowIndex Value="0"/>
        <TopLine Value="1"/>
        <CursorPos X="1" Y="1"/>
        <UsageCount Value="10"/>
        <DefaultSyntaxHighlighter Value="LFM"/>
      </Unit4>
      <Unit5>
        <Filename Value="U_DM.lfm"/>
        <WindowIndex Value="0"/>
        <TopLine Value="8"/>
        <CursorPos X="1" Y="36"/>
        <UsageCount Value="10"/>
        <DefaultSyntaxHighlighter Value="LFM"/>
      </Unit5>
      <Unit6>
        <Filename Value="../ARBRE/Load_Tree.pas"/>
        <UnitName Value="Load_Tree"/>
        <WindowIndex Value="0"/>
        <TopLine Value="52"/>
        <CursorPos X="1" Y="1"/>
        <UsageCount Value="10"/>
        <DefaultSyntaxHighlighter Value="Delphi"/>
      </Unit6>
      <Unit7>
        <Filename Value="../ARBRE/F_Tree.pas"/>
        <HasResources Value="True"/>
        <UnitName Value="F_Tree"/>
        <WindowIndex Value="0"/>
        <TopLine Value="281"/>
        <CursorPos X="1" Y="1"/>
        <UsageCount Value="10"/>
        <DefaultSyntaxHighlighter Value="Delphi"/>
      </Unit7>
      <Unit8>
        <Filename Value="../extended/fonctions/fonctions_languages.pas"/>
        <UnitName Value="fonctions_languages"/>
        <WindowIndex Value="0"/>
        <TopLine Value="1"/>
        <CursorPos X="6" Y="1"/>
        <UsageCount Value="10"/>
      </Unit8>
      <Unit9>
        <Filename Value="../xmlframes/fonctions/fonctions_ObjetsXML.pas"/>
        <UnitName Value="fonctions_ObjetsXML"/>
        <WindowIndex Value="0"/>
        <TopLine Value="54"/>
        <CursorPos X="131" Y="55"/>
        <UsageCount Value="11"/>
        <DefaultSyntaxHighlighter Value="Delphi"/>
      </Unit9>
      <Unit10>
        <Filename Value="u_ancestroweb.pas"/>
        <IsPartOfProject Value="True"/>
        <ComponentName Value="F_AncestroWeb"/>
        <HasResources Value="True"/>
        <ResourceBaseClass Value="Form"/>
        <UnitName Value="U_AncestroWeb"/>
        <WindowIndex Value="0"/>
        <TopLine Value="320"/>
        <CursorPos X="41" Y="348"/>
        <UsageCount Value="23"/>
        <DefaultSyntaxHighlighter Value="Delphi"/>
      </Unit10>
      <Unit11>
        <Filename Value="u_dmweb.pas"/>
        <IsPartOfProject Value="True"/>
        <HasResources Value="True"/>
        <UnitName Value="U_DMWeb"/>
        <EditorIndex Value="1"/>
        <WindowIndex Value="0"/>
        <TopLine Value="31"/>
        <CursorPos X="22" Y="40"/>
        <UsageCount Value="23"/>
        <Loaded Value="True"/>
        <DefaultSyntaxHighlighter Value="Delphi"/>
      </Unit11>
      <Unit12>
        <Filename Value="ancestroweb_strings.pas"/>
        <UnitName Value="AncestroWeb_strings"/>
        <IsVisibleTab Value="True"/>
        <EditorIndex Value="5"/>
        <WindowIndex Value="0"/>
        <TopLine Value="1"/>
        <CursorPos X="126" Y="12"/>
        <UsageCount Value="12"/>
        <Loaded Value="True"/>
        <DefaultSyntaxHighlighter Value="Delphi"/>
      </Unit12>
      <Unit13>
        <Filename Value="AncestroWebExe.lpi"/>
        <WindowIndex Value="0"/>
        <TopLine Value="1"/>
        <CursorPos X="1" Y="1"/>
        <UsageCount Value="10"/>
        <DefaultSyntaxHighlighter Value="XML"/>
      </Unit13>
      <Unit14>
        <Filename Value="AncestroWebExe.lpr"/>
        <UnitName Value="demo"/>
        <EditorIndex Value="6"/>
        <WindowIndex Value="0"/>
        <TopLine Value="13"/>
        <CursorPos X="1" Y="25"/>
        <UsageCount Value="12"/>
        <Loaded Value="True"/>
        <DefaultSyntaxHighlighter Value="Delphi"/>
      </Unit14>
      <Unit15>
        <Filename Value="../extended/fonctions/fonctions_string.pas"/>
        <UnitName Value="fonctions_string"/>
        <WindowIndex Value="0"/>
        <TopLine Value="727"/>
        <CursorPos X="23" Y="728"/>
        <UsageCount Value="11"/>
      </Unit15>
      <Unit16>
        <Filename Value="../extended/composants/U_OnFormInfoIni.pas"/>
        <UnitName Value="U_OnFormInfoIni"/>
        <WindowIndex Value="0"/>
        <TopLine Value="318"/>
        <CursorPos X="3" Y="327"/>
        <UsageCount Value="10"/>
      </Unit16>
      <Unit17>
        <Filename Value="ExtHTML/functions/functions_html.pas"/>
        <UnitName Value="functions_html"/>
        <WindowIndex Value="0"/>
        <TopLine Value="161"/>
        <CursorPos X="117" Y="167"/>
        <UsageCount Value="11"/>
      </Unit17>
      <Unit18>
        <Filename Value="../ExtCopy/composants/u_extractfile.pas"/>
        <UnitName Value="u_extractfile"/>
        <EditorIndex Value="2"/>
        <WindowIndex Value="0"/>
        <TopLine Value="19"/>
        <CursorPos X="4" Y="35"/>
        <UsageCount Value="11"/>
        <Loaded Value="True"/>
        <DefaultSyntaxHighlighter Value="Delphi"/>
      </Unit18>
      <Unit19>
        <Filename Value="../ExtCopy/composants/u_extabscopy.pas"/>
        <UnitName Value="u_extabscopy"/>
        <WindowIndex Value="0"/>
        <TopLine Value="12"/>
        <CursorPos X="23" Y="72"/>
        <UsageCount Value="11"/>
        <DefaultSyntaxHighlighter Value="Delphi"/>
      </Unit19>
      <Unit20>
        <Filename Value="../ExtCopy/fonctions/fonctions_file.pas"/>
        <UnitName Value="fonctions_file"/>
        <EditorIndex Value="4"/>
        <WindowIndex Value="0"/>
        <TopLine Value="1"/>
        <CursorPos X="1" Y="4"/>
        <UsageCount Value="11"/>
        <Loaded Value="True"/>
        <DefaultSyntaxHighlighter Value="Delphi"/>
      </Unit20>
      <Unit21>
        <Filename Value="../ExtCopy/fonctions/unit_messagescopy.pas"/>
        <UnitName Value="unit_messagescopy"/>
        <WindowIndex Value="0"/>
        <TopLine Value="1"/>
        <CursorPos X="1" Y="9"/>
        <UsageCount Value="10"/>
        <DefaultSyntaxHighlighter Value="Delphi"/>
      </Unit21>
      <Unit22>
        <Filename Value="../ExtCopy/composants/u_traducefile.pas"/>
        <UnitName Value="u_traducefile"/>
        <EditorIndex Value="3"/>
        <WindowIndex Value="0"/>
        <TopLine Value="459"/>
        <CursorPos X="82" Y="459"/>
        <UsageCount Value="10"/>
        <Loaded Value="True"/>
        <DefaultSyntaxHighlighter Value="Delphi"/>
      </Unit22>
      <Unit23>
        <Filename Value="../ExtCopy/composants/U_ExtFileCopy.pas"/>
        <UnitName Value="U_ExtFileCopy"/>
        <WindowIndex Value="0"/>
        <TopLine Value="1"/>
        <CursorPos X="1" Y="38"/>
        <UsageCount Value="10"/>
        <DefaultSyntaxHighlighter Value="Delphi"/>
      </Unit23>
    </Units>
    <JumpHistory Count="10" HistoryIndex="9">
      <Position1>
        <Filename Value="../ExtCopy/composants/u_traducefile.pas"/>
        <Caret Line="31" Column="64" TopLine="31"/>
      </Position1>
      <Position2>
        <Filename Value="../ExtCopy/composants/u_traducefile.pas"/>
        <Caret Line="464" Column="44" TopLine="460"/>
      </Position2>
      <Position3>
        <Filename Value="../ExtCopy/composants/u_traducefile.pas"/>
        <Caret Line="19" Column="1" TopLine="9"/>
      </Position3>
      <Position4>
        <Filename Value="../ExtCopy/composants/u_traducefile.pas"/>
        <Caret Line="380" Column="1" TopLine="361"/>
      </Position4>
      <Position5>
        <Filename Value="../ExtCopy/composants/u_traducefile.pas"/>
        <Caret Line="469" Column="1" TopLine="432"/>
      </Position5>
      <Position6>
        <Filename Value="../ExtCopy/composants/u_traducefile.pas"/>
        <Caret Line="459" Column="82" TopLine="440"/>
      </Position6>
      <Position7>
        <Filename Value="../ExtCopy/composants/u_extractfile.pas"/>
        <Caret Line="117" Column="55" TopLine="90"/>
      </Position7>
      <Position8>
        <Filename Value="../ExtCopy/composants/u_extractfile.pas"/>
        <Caret Line="91" Column="23" TopLine="67"/>
      </Position8>
      <Position9>
        <Filename Value="../ExtCopy/composants/u_extractfile.pas"/>
        <Caret Line="90" Column="75" TopLine="67"/>
      </Position9>
      <Position10>
        <Filename Value="../ExtCopy/composants/u_extractfile.pas"/>
        <Caret Line="25" Column="1" TopLine="1"/>
      </Position10>
    </JumpHistory>
  </ProjectOptions>
  <CompilerOptions>
    <Version Value="9"/>
    <SearchPaths>
      <IncludeFiles Value="$(ProjOutDir)"/>
      <UnitOutputDirectory Value="Plugins/$(TargetCPU)-$(TargetOS)"/>
    </SearchPaths>
    <Parsing>
      <SyntaxOptions>
        <SyntaxMode Value="Delphi"/>
      </SyntaxOptions>
    </Parsing>
    <CodeGeneration>
      <Optimizations>
        <OptimizationLevel Value="3"/>
      </Optimizations>
    </CodeGeneration>
    <Linking>
      <Debugging>
        <UseLineInfoUnit Value="False"/>
      </Debugging>
      <Options>
        <ExecutableType Value="Library"/>
      </Options>
    </Linking>
    <Other>
      <CompilerMessages>
        <UseMsgFile Value="True"/>
      </CompilerMessages>
      <CompilerPath Value="$(CompPath)"/>
    </Other>
  </CompilerOptions>
  <Debugging>
    <BreakPoints Count="1">
      <Item1>
        <Source Value="../extended/fonctions/fonctions_string.pas"/>
        <Line Value="735"/>
      </Item1>
    </BreakPoints>
    <Exceptions Count="3">
      <Item1>
        <Name Value="EAbort"/>
      </Item1>
      <Item2>
        <Name Value="ECodetoolError"/>
      </Item2>
      <Item3>
        <Name Value="EFOpenError"/>
      </Item3>
    </Exceptions>
  </Debugging>
</CONFIG>
