<?xml version="1.0"?>
<CONFIG>
  <ProjectOptions>
    <Version Value="9"/>
    <PathDelim Value="\"/>
    <General>
      <MainUnit Value="0"/>
      <ResourceType Value="res"/>
      <UseXPManifest Value="True"/>
      <Icon Value="0"/>
      <ActiveWindowIndexAtStart Value="0"/>
    </General>
    <i18n>
      <EnableI18N LFM="False"/>
    </i18n>
    <VersionInfo>
      <StringTable ProductVersion=""/>
    </VersionInfo>
    <BuildModes Count="1" Active="Default">
      <Item1 Name="Default" Default="True"/>
    </BuildModes>
    <PublishOptions>
      <Version Value="2"/>
      <IncludeFileFilter Value="*.(pas|pp|inc|lfm|lpr|lrs|lpi|lpk|sh|xml)"/>
      <ExcludeFileFilter Value="*.(bak|ppu|o|so);*~;backup"/>
    </PublishOptions>
    <RunParams>
      <local>
        <FormatVersion Value="1"/>
      </local>
    </RunParams>
    <RequiredPackages Count="7">
      <Item1>
        <PackageName Value="ibexpress"/>
      </Item1>
      <Item2>
        <PackageName Value="uniqueinstance_package"/>
      </Item2>
      <Item3>
        <PackageName Value="ExtHTML"/>
      </Item3>
      <Item4>
        <PackageName Value="lazflatstyle"/>
      </Item4>
      <Item5>
        <PackageName Value="ExtCopy"/>
      </Item5>
      <Item6>
        <PackageName Value="lazextcomponents"/>
      </Item6>
      <Item7>
        <PackageName Value="LCL"/>
      </Item7>
    </RequiredPackages>
    <Units Count="13">
      <Unit0>
        <Filename Value="AncestroWebPlugTests.lpr"/>
        <IsPartOfProject Value="True"/>
        <UnitName Value="AncestroWebPlugTests"/>
        <EditorIndex Value="10"/>
        <WindowIndex Value="0"/>
        <TopLine Value="1"/>
        <CursorPos X="20" Y="3"/>
        <UsageCount Value="21"/>
        <Loaded Value="True"/>
      </Unit0>
      <Unit1>
        <Filename Value="u_ancestroweb.pas"/>
        <IsPartOfProject Value="True"/>
        <ComponentName Value="F_AncestroWeb"/>
        <HasResources Value="True"/>
        <ResourceBaseClass Value="Form"/>
        <UnitName Value="U_AncestroWeb"/>
        <EditorIndex Value="0"/>
        <WindowIndex Value="0"/>
        <TopLine Value="25"/>
        <CursorPos X="11" Y="44"/>
        <UsageCount Value="21"/>
        <Loaded Value="True"/>
        <LoadedDesigner Value="True"/>
      </Unit1>
      <Unit2>
        <Filename Value="u_dmweb.pas"/>
        <IsPartOfProject Value="True"/>
        <HasResources Value="True"/>
        <UnitName Value="U_DMWeb"/>
        <EditorIndex Value="9"/>
        <WindowIndex Value="0"/>
        <TopLine Value="332"/>
        <CursorPos X="1" Y="357"/>
        <UsageCount Value="21"/>
        <Loaded Value="True"/>
      </Unit2>
      <Unit3>
        <Filename Value="DefObjet.pas"/>
        <IsPartOfProject Value="True"/>
        <UnitName Value="DefObjet"/>
        <EditorIndex Value="11"/>
        <WindowIndex Value="0"/>
        <TopLine Value="1"/>
        <CursorPos X="3" Y="58"/>
        <UsageCount Value="21"/>
        <Loaded Value="True"/>
      </Unit3>
      <Unit4>
        <Filename Value="..\ibx\runtime\IB.pas"/>
        <UnitName Value="IB"/>
        <EditorIndex Value="3"/>
        <WindowIndex Value="0"/>
        <TopLine Value="386"/>
        <CursorPos X="1" Y="411"/>
        <UsageCount Value="10"/>
        <Loaded Value="True"/>
      </Unit4>
      <Unit5>
        <Filename Value="C:\lazarus\fpc\2.6.0\source\rtl\objpas\sysutils\osutilsh.inc"/>
        <EditorIndex Value="1"/>
        <WindowIndex Value="0"/>
        <TopLine Value="22"/>
        <CursorPos X="10" Y="41"/>
        <UsageCount Value="10"/>
        <Loaded Value="True"/>
      </Unit5>
      <Unit6>
        <Filename Value="C:\lazarus\fpc\2.6.0\source\rtl\win\sysutils.pp"/>
        <UnitName Value="sysutils"/>
        <EditorIndex Value="2"/>
        <WindowIndex Value="0"/>
        <TopLine Value="1083"/>
        <CursorPos X="54" Y="1095"/>
        <UsageCount Value="10"/>
        <Loaded Value="True"/>
      </Unit6>
      <Unit7>
        <Filename Value="..\Freelogy\Components\FlatStyle\Source\TFlatGaugeUnit.pas"/>
        <UnitName Value="TFlatGaugeUnit"/>
        <EditorIndex Value="4"/>
        <WindowIndex Value="0"/>
        <TopLine Value="1"/>
        <CursorPos X="21" Y="118"/>
        <UsageCount Value="10"/>
        <Loaded Value="True"/>
      </Unit7>
      <Unit8>
        <Filename Value="..\Extended\fonctions\type_string.pas"/>
        <UnitName Value="type_string"/>
        <EditorIndex Value="5"/>
        <WindowIndex Value="0"/>
        <TopLine Value="1"/>
        <CursorPos X="1" Y="5"/>
        <UsageCount Value="10"/>
        <Loaded Value="True"/>
      </Unit8>
      <Unit9>
        <Filename Value="..\Extended\fonctions\fonctions_languages.pas"/>
        <UnitName Value="fonctions_languages"/>
        <EditorIndex Value="12"/>
        <WindowIndex Value="0"/>
        <TopLine Value="10"/>
        <CursorPos X="1" Y="34"/>
        <UsageCount Value="10"/>
        <Loaded Value="True"/>
      </Unit9>
      <Unit10>
        <Filename Value="..\Extended\forms\U_About.pas"/>
        <UnitName Value="U_About"/>
        <EditorIndex Value="7"/>
        <WindowIndex Value="0"/>
        <TopLine Value="31"/>
        <CursorPos X="56" Y="50"/>
        <UsageCount Value="10"/>
        <Loaded Value="True"/>
      </Unit10>
      <Unit11>
        <Filename Value="..\Extended\fonctions\fonctions_string.pas"/>
        <UnitName Value="fonctions_string"/>
        <EditorIndex Value="8"/>
        <WindowIndex Value="0"/>
        <TopLine Value="59"/>
        <CursorPos X="105" Y="78"/>
        <UsageCount Value="10"/>
        <Loaded Value="True"/>
      </Unit11>
      <Unit12>
        <Filename Value="..\Extended\fonctions\fonctions_system.pas"/>
        <UnitName Value="fonctions_system"/>
        <IsVisibleTab Value="True"/>
        <EditorIndex Value="6"/>
        <WindowIndex Value="0"/>
        <TopLine Value="29"/>
        <CursorPos X="70" Y="48"/>
        <UsageCount Value="10"/>
        <Loaded Value="True"/>
      </Unit12>
    </Units>
    <JumpHistory Count="30" HistoryIndex="29">
      <Position1>
        <Filename Value="u_dmweb.pas"/>
        <Caret Line="357" Column="1" TopLine="332"/>
      </Position1>
      <Position2>
        <Filename Value="u_ancestroweb.pas"/>
        <Caret Line="3486" Column="11" TopLine="3478"/>
      </Position2>
      <Position3>
        <Filename Value="AncestroWebPlugTests.lpr"/>
        <Caret Line="22" Column="1" TopLine="1"/>
      </Position3>
      <Position4>
        <Filename Value="DefObjet.pas"/>
        <Caret Line="57" Column="1" TopLine="28"/>
      </Position4>
      <Position5>
        <Filename Value="DefObjet.pas"/>
        <Caret Line="58" Column="1" TopLine="28"/>
      </Position5>
      <Position6>
        <Filename Value="DefObjet.pas"/>
        <Caret Line="59" Column="1" TopLine="28"/>
      </Position6>
      <Position7>
        <Filename Value="DefObjet.pas"/>
        <Caret Line="60" Column="1" TopLine="28"/>
      </Position7>
      <Position8>
        <Filename Value="u_ancestroweb.pas"/>
        <Caret Line="3208" Column="1" TopLine="3189"/>
      </Position8>
      <Position9>
        <Filename Value="u_ancestroweb.pas"/>
        <Caret Line="3209" Column="1" TopLine="3189"/>
      </Position9>
      <Position10>
        <Filename Value="u_ancestroweb.pas"/>
        <Caret Line="3210" Column="1" TopLine="3189"/>
      </Position10>
      <Position11>
        <Filename Value="u_ancestroweb.pas"/>
        <Caret Line="3211" Column="1" TopLine="3189"/>
      </Position11>
      <Position12>
        <Filename Value="u_ancestroweb.pas"/>
        <Caret Line="3212" Column="1" TopLine="3189"/>
      </Position12>
      <Position13>
        <Filename Value="u_ancestroweb.pas"/>
        <Caret Line="3217" Column="1" TopLine="3189"/>
      </Position13>
      <Position14>
        <Filename Value="AncestroWebPlugTests.lpr"/>
        <Caret Line="22" Column="13" TopLine="1"/>
      </Position14>
      <Position15>
        <Filename Value="AncestroWebPlugTests.lpr"/>
        <Caret Line="15" Column="21" TopLine="1"/>
      </Position15>
      <Position16>
        <Filename Value="AncestroWebPlugTests.lpr"/>
        <Caret Line="8" Column="18" TopLine="1"/>
      </Position16>
      <Position17>
        <Filename Value="u_ancestroweb.pas"/>
        <Caret Line="3347" Column="27" TopLine="3322"/>
      </Position17>
      <Position18>
        <Filename Value="AncestroWebPlugTests.lpr"/>
        <Caret Line="15" Column="9" TopLine="1"/>
      </Position18>
      <Position19>
        <Filename Value="..\ibx\runtime\IB.pas"/>
        <Caret Line="411" Column="1" TopLine="386"/>
      </Position19>
      <Position20>
        <Filename Value="u_ancestroweb.pas"/>
        <Caret Line="3327" Column="27" TopLine="3322"/>
      </Position20>
      <Position21>
        <Filename Value="u_ancestroweb.pas"/>
        <Caret Line="53" Column="60" TopLine="22"/>
      </Position21>
      <Position22>
        <Filename Value="..\Extended\fonctions\type_string.pas"/>
        <Caret Line="10" Column="48" TopLine="1"/>
      </Position22>
      <Position23>
        <Filename Value="..\Extended\fonctions\type_string.pas"/>
        <Caret Line="60" Column="26" TopLine="26"/>
      </Position23>
      <Position24>
        <Filename Value="..\Extended\forms\U_About.pas"/>
        <Caret Line="1" Column="1" TopLine="1"/>
      </Position24>
      <Position25>
        <Filename Value="..\Extended\forms\U_About.pas"/>
        <Caret Line="48" Column="58" TopLine="29"/>
      </Position25>
      <Position26>
        <Filename Value="..\Extended\fonctions\fonctions_string.pas"/>
        <Caret Line="1" Column="1" TopLine="1"/>
      </Position26>
      <Position27>
        <Filename Value="..\Extended\fonctions\fonctions_string.pas"/>
        <Caret Line="76" Column="72" TopLine="72"/>
      </Position27>
      <Position28>
        <Filename Value="..\Extended\fonctions\fonctions_string.pas"/>
        <Caret Line="106" Column="1" TopLine="104"/>
      </Position28>
      <Position29>
        <Filename Value="..\Extended\fonctions\type_string.pas"/>
        <Caret Line="26" Column="1" TopLine="14"/>
      </Position29>
      <Position30>
        <Filename Value="..\Extended\fonctions\fonctions_system.pas"/>
        <Caret Line="1" Column="1" TopLine="1"/>
      </Position30>
    </JumpHistory>
  </ProjectOptions>
  <CompilerOptions>
    <Version Value="9"/>
    <PathDelim Value="\"/>
    <SearchPaths>
      <IncludeFiles Value="$(ProjOutDir)"/>
      <UnitOutputDirectory Value="Plugins\$(TargetCPU)-$(TargetOS)"/>
    </SearchPaths>
    <Linking>
      <Options>
        <Win32>
          <GraphicApplication Value="True"/>
        </Win32>
      </Options>
    </Linking>
    <Other>
      <CompilerMessages>
        <UseMsgFile Value="True"/>
      </CompilerMessages>
      <CompilerPath Value="$(CompPath)"/>
    </Other>
  </CompilerOptions>
  <Debugging>
    <Exceptions Count="3">
      <Item1>
        <Name Value="EAbort"/>
      </Item1>
      <Item2>
        <Name Value="ECodetoolError"/>
      </Item2>
      <Item3>
        <Name Value="EFOpenError"/>
      </Item3>
    </Exceptions>
  </Debugging>
</CONFIG>
