<?xml version="1.0"?>
<CONFIG>
  <ProjectOptions>
    <Version Value="9"/>
    <General>
      <MainUnit Value="0"/>
      <Title Value="AncestroWebExe"/>
      <UseXPManifest Value="True"/>
      <Icon Value="0"/>
      <ActiveWindowIndexAtStart Value="0"/>
    </General>
    <VersionInfo>
      <UseVersionInfo Value="True"/>
      <MajorVersionNr Value="1"/>
      <MinorVersionNr Value="2"/>
      <Language Value=""/>
      <CharSet Value=""/>
      <StringTable ProductVersion=""/>
    </VersionInfo>
    <BuildModes Count="1">
      <Item1 Name="default" Default="True"/>
    </BuildModes>
    <PublishOptions>
      <Version Value="2"/>
      <IgnoreBinaries Value="False"/>
      <IncludeFileFilter Value="*.(pas|pp|inc|lfm|lpr|lrs|lpi|lpk|sh|xml)"/>
      <ExcludeFileFilter Value="*.(bak|ppu|ppw|o|so);*~;backup"/>
    </PublishOptions>
    <RunParams>
      <local>
        <FormatVersion Value="1"/>
        <LaunchingApplication PathPlusParams="/usr/X11R6/bin/xterm -T 'Lazarus Run Output' -e $(LazarusDir)/tools/runwait.sh $(TargetCmdLine)"/>
      </local>
    </RunParams>
    <RequiredPackages Count="10">
      <Item1>
        <PackageName Value="uniqueinstance_package"/>
      </Item1>
      <Item2>
        <PackageName Value="VampyreImagingPackage"/>
      </Item2>
      <Item3>
        <PackageName Value="JvXPBarLaz"/>
      </Item3>
      <Item4>
        <PackageName Value="ExtCopy"/>
      </Item4>
      <Item5>
        <PackageName Value="lazfonctions"/>
      </Item5>
      <Item6>
        <PackageName Value="ExtHTML"/>
      </Item6>
      <Item7>
        <PackageName Value="lazextcomponents"/>
        <MinVersion Minor="9" Build="4" Valid="True"/>
      </Item7>
      <Item8>
        <PackageName Value="ibexpress"/>
      </Item8>
      <Item9>
        <PackageName Value="FCL"/>
        <MinVersion Major="1" Valid="True"/>
      </Item9>
      <Item10>
        <PackageName Value="LCL"/>
      </Item10>
    </RequiredPackages>
    <Units Count="32">
      <Unit0>
        <Filename Value="AncestroWebExe.lpr"/>
        <IsPartOfProject Value="True"/>
        <UnitName Value="demo"/>
        <EditorIndex Value="2"/>
        <WindowIndex Value="0"/>
        <TopLine Value="1"/>
        <CursorPos X="1" Y="33"/>
        <UsageCount Value="200"/>
        <Loaded Value="True"/>
        <DefaultSyntaxHighlighter Value="Delphi"/>
      </Unit0>
      <Unit1>
        <Filename Value="u_ancestroweb.pas"/>
        <IsPartOfProject Value="True"/>
        <ComponentName Value="F_AncestroWeb"/>
        <HasResources Value="True"/>
        <ResourceBaseClass Value="Form"/>
        <UnitName Value="U_AncestroWeb"/>
        <IsVisibleTab Value="True"/>
        <EditorIndex Value="0"/>
        <WindowIndex Value="0"/>
        <TopLine Value="1733"/>
        <CursorPos X="50" Y="1733"/>
        <UsageCount Value="200"/>
        <Loaded Value="True"/>
        <LoadedDesigner Value="True"/>
        <DefaultSyntaxHighlighter Value="Delphi"/>
      </Unit1>
      <Unit2>
        <Filename Value="u_dmweb.pas"/>
        <IsPartOfProject Value="True"/>
        <ComponentName Value="DMWeb"/>
        <HasResources Value="True"/>
        <ResourceBaseClass Value="DataModule"/>
        <UnitName Value="U_DMWeb"/>
        <WindowIndex Value="0"/>
        <TopLine Value="141"/>
        <CursorPos X="7" Y="159"/>
        <UsageCount Value="200"/>
        <DefaultSyntaxHighlighter Value="Delphi"/>
      </Unit2>
      <Unit3>
        <Filename Value="DefObjet.pas"/>
        <IsPartOfProject Value="True"/>
        <UnitName Value="DefObjet"/>
        <WindowIndex Value="0"/>
        <TopLine Value="28"/>
        <CursorPos X="17" Y="60"/>
        <UsageCount Value="481"/>
        <DefaultSyntaxHighlighter Value="Delphi"/>
      </Unit3>
      <Unit4>
        <Filename Value="../ibx/runtime/IB.pas"/>
        <UnitName Value="IB"/>
        <WindowIndex Value="0"/>
        <TopLine Value="355"/>
        <CursorPos X="36" Y="362"/>
        <UsageCount Value="25"/>
      </Unit4>
      <Unit5>
        <Filename Value="../ExtHTML/functions/functions_html_tree.pas"/>
        <UnitName Value="functions_html_tree"/>
        <WindowIndex Value="0"/>
        <TopLine Value="1"/>
        <CursorPos X="36" Y="146"/>
        <UsageCount Value="56"/>
        <DefaultSyntaxHighlighter Value="Delphi"/>
      </Unit5>
      <Unit6>
        <Filename Value="../ExtHTML/functions/functions_html.pas"/>
        <UnitName Value="functions_html"/>
        <WindowIndex Value="0"/>
        <TopLine Value="170"/>
        <CursorPos X="16" Y="180"/>
        <UsageCount Value="56"/>
        <DefaultSyntaxHighlighter Value="Delphi"/>
      </Unit6>
      <Unit7>
        <Filename Value="../extended/fonctions/fonctions_languages.pas"/>
        <UnitName Value="fonctions_languages"/>
        <WindowIndex Value="0"/>
        <TopLine Value="66"/>
        <CursorPos X="122" Y="150"/>
        <UsageCount Value="11"/>
        <DefaultSyntaxHighlighter Value="Delphi"/>
      </Unit7>
      <Unit8>
        <Filename Value="ancestroweb_strings.pas"/>
        <IsPartOfProject Value="True"/>
        <UnitName Value="AncestroWeb_strings"/>
        <WindowIndex Value="0"/>
        <TopLine Value="32"/>
        <CursorPos X="50" Y="52"/>
        <UsageCount Value="200"/>
        <DefaultSyntaxHighlighter Value="Delphi"/>
      </Unit8>
      <Unit9>
        <Filename Value="u_ancestroweb.lfm"/>
        <WindowIndex Value="0"/>
        <TopLine Value="1"/>
        <CursorPos X="1" Y="1"/>
        <UsageCount Value="9"/>
        <DefaultSyntaxHighlighter Value="LFM"/>
      </Unit9>
      <Unit10>
        <Filename Value="../Extended/fonctions/fonctions_images.pas"/>
        <UnitName Value="fonctions_images"/>
        <WindowIndex Value="0"/>
        <TopLine Value="1"/>
        <CursorPos X="110" Y="41"/>
        <UsageCount Value="2"/>
        <DefaultSyntaxHighlighter Value="Delphi"/>
      </Unit10>
      <Unit11>
        <Filename Value="ExtHTML/functions/functions_html.pas"/>
        <UnitName Value="functions_html"/>
        <WindowIndex Value="0"/>
        <TopLine Value="166"/>
        <CursorPos X="16" Y="186"/>
        <UsageCount Value="177"/>
      </Unit11>
      <Unit12>
        <Filename Value="u_dmweb.lfm"/>
        <WindowIndex Value="0"/>
        <TopLine Value="1"/>
        <CursorPos X="1" Y="1"/>
        <UsageCount Value="9"/>
        <DefaultSyntaxHighlighter Value="LFM"/>
      </Unit12>
      <Unit13>
        <Filename Value="../MAJVilles/u_dmweb.lfm"/>
        <WindowIndex Value="0"/>
        <TopLine Value="45"/>
        <CursorPos X="77" Y="15"/>
        <UsageCount Value="9"/>
        <DefaultSyntaxHighlighter Value="LFM"/>
      </Unit13>
      <Unit14>
        <Filename Value="../Extended/fonctions/fonctions_string.pas"/>
        <UnitName Value="fonctions_string"/>
        <WindowIndex Value="0"/>
        <TopLine Value="689"/>
        <CursorPos X="85" Y="711"/>
        <UsageCount Value="13"/>
        <DefaultSyntaxHighlighter Value="Delphi"/>
      </Unit14>
      <Unit15>
        <Filename Value="../Alcinoe/source/ALFcnString.pas"/>
        <UnitName Value="ALFcnString"/>
        <WindowIndex Value="0"/>
        <TopLine Value="1803"/>
        <CursorPos X="116" Y="1823"/>
        <UsageCount Value="12"/>
      </Unit15>
      <Unit16>
        <Filename Value="../Imaging/Source/ImagingIO.pas"/>
        <UnitName Value="ImagingIO"/>
        <WindowIndex Value="0"/>
        <TopLine Value="326"/>
        <CursorPos X="1" Y="348"/>
        <UsageCount Value="12"/>
        <DefaultSyntaxHighlighter Value="Delphi"/>
      </Unit16>
      <Unit17>
        <Filename Value="../Imaging/Source/Imaging.pas"/>
        <UnitName Value="Imaging"/>
        <WindowIndex Value="0"/>
        <TopLine Value="2850"/>
        <CursorPos X="1" Y="2872"/>
        <UsageCount Value="12"/>
        <DefaultSyntaxHighlighter Value="Delphi"/>
      </Unit17>
      <Unit18>
        <Filename Value="/usr/share/fpcsrc/2.4.4/rtl/objpas/strutils.pp"/>
        <UnitName Value="strutils"/>
        <WindowIndex Value="0"/>
        <TopLine Value="1"/>
        <CursorPos X="1" Y="1"/>
        <UsageCount Value="11"/>
      </Unit18>
      <Unit19>
        <Filename Value="/usr/lib/lazarus/0.9.30/lcl/include/application.inc"/>
        <WindowIndex Value="0"/>
        <TopLine Value="387"/>
        <CursorPos X="1" Y="411"/>
        <UsageCount Value="10"/>
        <DefaultSyntaxHighlighter Value="Delphi"/>
      </Unit19>
      <Unit20>
        <Filename Value="../Extended/composants/u_extdbnavigator.pas"/>
        <UnitName Value="U_ExtDBNavigator"/>
        <WindowIndex Value="0"/>
        <TopLine Value="17"/>
        <CursorPos X="41" Y="38"/>
        <UsageCount Value="13"/>
        <DefaultSyntaxHighlighter Value="Delphi"/>
      </Unit20>
      <Unit21>
        <Filename Value="../Extended/forms/u_zconnection.pas"/>
        <UnitName Value="u_zconnection"/>
        <WindowIndex Value="0"/>
        <TopLine Value="110"/>
        <CursorPos X="3" Y="131"/>
        <UsageCount Value="13"/>
        <DefaultSyntaxHighlighter Value="Delphi"/>
      </Unit21>
      <Unit22>
        <Filename Value="../ManFrames/composants/u_multidata.pas"/>
        <UnitName Value="u_multidata"/>
        <WindowIndex Value="0"/>
        <TopLine Value="387"/>
        <CursorPos X="1" Y="418"/>
        <UsageCount Value="13"/>
        <DefaultSyntaxHighlighter Value="Delphi"/>
      </Unit22>
      <Unit23>
        <Filename Value="../Extended/forms/U_About.pas"/>
        <UnitName Value="U_About"/>
        <WindowIndex Value="0"/>
        <TopLine Value="33"/>
        <CursorPos X="23" Y="54"/>
        <UsageCount Value="13"/>
        <DefaultSyntaxHighlighter Value="Delphi"/>
      </Unit23>
      <Unit24>
        <Filename Value="../Extended/fonctions/fonctions_languages.pas"/>
        <UnitName Value="fonctions_languages"/>
        <WindowIndex Value="0"/>
        <TopLine Value="345"/>
        <CursorPos X="47" Y="386"/>
        <UsageCount Value="13"/>
        <DefaultSyntaxHighlighter Value="Delphi"/>
      </Unit24>
      <Unit25>
        <Filename Value="../ManFrames/forms/U_Donnees.pas"/>
        <ComponentName Value="M_Donnees"/>
        <HasResources Value="True"/>
        <ResourceBaseClass Value="DataModule"/>
        <UnitName Value="U_Donnees"/>
        <WindowIndex Value="0"/>
        <TopLine Value="225"/>
        <CursorPos X="1" Y="233"/>
        <UsageCount Value="9"/>
        <DefaultSyntaxHighlighter Value="Delphi"/>
      </Unit25>
      <Unit26>
        <Filename Value="../Freelogy/Components/FlatStyle_addon/u_comp_TBlueFlatSpeedButton.pas"/>
        <UnitName Value="u_comp_TBlueFlatSpeedButton"/>
        <WindowIndex Value="0"/>
        <TopLine Value="1"/>
        <CursorPos X="1" Y="1"/>
        <UsageCount Value="10"/>
      </Unit26>
      <Unit27>
        <Filename Value="../extended/lazextcomponents.pas"/>
        <UnitName Value="lazextcomponents"/>
        <WindowIndex Value="0"/>
        <TopLine Value="1"/>
        <CursorPos X="12" Y="27"/>
        <UsageCount Value="10"/>
      </Unit27>
      <Unit28>
        <Filename Value="/usr/lib/lazarus/0.9.30.2/ide/lazarus.pp"/>
        <UnitName Value="Lazarus"/>
        <EditorIndex Value="1"/>
        <WindowIndex Value="0"/>
        <TopLine Value="92"/>
        <CursorPos X="58" Y="125"/>
        <UsageCount Value="11"/>
        <Loaded Value="True"/>
      </Unit28>
      <Unit29>
        <Filename Value="../extended/forms/U_About.pas"/>
        <UnitName Value="U_About"/>
        <WindowIndex Value="0"/>
        <TopLine Value="34"/>
        <CursorPos X="23" Y="54"/>
        <UsageCount Value="10"/>
      </Unit29>
      <Unit30>
        <Filename Value="../extended/fonctions/fonctions_version.pas"/>
        <UnitName Value="fonctions_version"/>
        <WindowIndex Value="0"/>
        <TopLine Value="1"/>
        <CursorPos X="1" Y="1"/>
        <UsageCount Value="10"/>
        <DefaultSyntaxHighlighter Value="Delphi"/>
      </Unit30>
      <Unit31>
        <Filename Value="../extended/extcopy.pas"/>
        <UnitName Value="ExtCopy"/>
        <WindowIndex Value="0"/>
        <TopLine Value="1"/>
        <CursorPos X="12" Y="21"/>
        <UsageCount Value="10"/>
      </Unit31>
    </Units>
    <JumpHistory Count="21" HistoryIndex="20">
      <Position1>
        <Filename Value="u_ancestroweb.pas"/>
        <Caret Line="1599" Column="37" TopLine="1575"/>
      </Position1>
      <Position2>
        <Filename Value="u_ancestroweb.pas"/>
        <Caret Line="1600" Column="14" TopLine="1579"/>
      </Position2>
      <Position3>
        <Filename Value="u_ancestroweb.pas"/>
        <Caret Line="1708" Column="17" TopLine="1675"/>
      </Position3>
      <Position4>
        <Filename Value="u_ancestroweb.pas"/>
        <Caret Line="2747" Column="16" TopLine="2720"/>
      </Position4>
      <Position5>
        <Filename Value="u_ancestroweb.pas"/>
        <Caret Line="1689" Column="15" TopLine="1685"/>
      </Position5>
      <Position6>
        <Filename Value="u_ancestroweb.pas"/>
        <Caret Line="2370" Column="76" TopLine="2336"/>
      </Position6>
      <Position7>
        <Filename Value="u_ancestroweb.pas"/>
        <Caret Line="2311" Column="31" TopLine="2300"/>
      </Position7>
      <Position8>
        <Filename Value="u_ancestroweb.pas"/>
        <Caret Line="1" Column="1" TopLine="1"/>
      </Position8>
      <Position9>
        <Filename Value="u_ancestroweb.pas"/>
        <Caret Line="1708" Column="55" TopLine="1682"/>
      </Position9>
      <Position10>
        <Filename Value="u_ancestroweb.pas"/>
        <Caret Line="2373" Column="1" TopLine="2338"/>
      </Position10>
      <Position11>
        <Filename Value="u_ancestroweb.pas"/>
        <Caret Line="1709" Column="61" TopLine="1686"/>
      </Position11>
      <Position12>
        <Filename Value="u_ancestroweb.pas"/>
        <Caret Line="1687" Column="48" TopLine="1674"/>
      </Position12>
      <Position13>
        <Filename Value="u_ancestroweb.pas"/>
        <Caret Line="1583" Column="8" TopLine="1554"/>
      </Position13>
      <Position14>
        <Filename Value="u_ancestroweb.pas"/>
        <Caret Line="1580" Column="36" TopLine="1568"/>
      </Position14>
      <Position15>
        <Filename Value="u_ancestroweb.pas"/>
        <Caret Line="1617" Column="31" TopLine="1595"/>
      </Position15>
      <Position16>
        <Filename Value="u_ancestroweb.pas"/>
        <Caret Line="1712" Column="80" TopLine="1678"/>
      </Position16>
      <Position17>
        <Filename Value="/usr/lib/lazarus/0.9.30.2/ide/lazarus.pp"/>
        <Caret Line="130" Column="1" TopLine="92"/>
      </Position17>
      <Position18>
        <Filename Value="u_ancestroweb.pas"/>
        <Caret Line="1757" Column="63" TopLine="1730"/>
      </Position18>
      <Position19>
        <Filename Value="u_ancestroweb.pas"/>
        <Caret Line="1698" Column="31" TopLine="1679"/>
      </Position19>
      <Position20>
        <Filename Value="u_ancestroweb.pas"/>
        <Caret Line="1766" Column="1" TopLine="1752"/>
      </Position20>
      <Position21>
        <Filename Value="u_ancestroweb.pas"/>
        <Caret Line="1699" Column="73" TopLine="1680"/>
      </Position21>
    </JumpHistory>
  </ProjectOptions>
  <CompilerOptions>
    <Version Value="9"/>
    <SearchPaths>
      <IncludeFiles Value="$(ProjOutDir)"/>
      <UnitOutputDirectory Value="Plugins/$(TargetCPU)-$(TargetOS)"/>
    </SearchPaths>
    <Parsing>
      <SyntaxOptions>
        <SyntaxMode Value="Delphi"/>
        <UseAnsiStrings Value="False"/>
      </SyntaxOptions>
    </Parsing>
    <CodeGeneration>
      <Optimizations>
        <OptimizationLevel Value="0"/>
      </Optimizations>
    </CodeGeneration>
    <Linking>
      <LinkSmart Value="True"/>
      <Options>
        <Win32>
          <GraphicApplication Value="True"/>
        </Win32>
      </Options>
    </Linking>
    <Other>
      <Verbosity>
        <ShoLineNum Value="True"/>
        <ShowAllProcsOnError Value="True"/>
      </Verbosity>
      <WriteFPCLogo Value="False"/>
      <CompilerMessages>
        <UseMsgFile Value="True"/>
      </CompilerMessages>
      <CompilerPath Value="$(CompPath)"/>
    </Other>
  </CompilerOptions>
  <Debugging>
    <BreakPoints Count="5">
      <Item1>
        <Source Value="/usr/lib/lazarus/0.9.30/lcl/include/customcombobox.inc"/>
        <Line Value="308"/>
      </Item1>
      <Item2>
        <Source Value="/usr/lib/lazarus/0.9.30/lcl/include/customcombobox.inc"/>
        <Line Value="514"/>
      </Item2>
      <Item3>
        <Source Value="/usr/lib/lazarus/0.9.30/lcl/include/customcombobox.inc"/>
        <Line Value="625"/>
      </Item3>
      <Item4>
        <Source Value="../Extended/composants/U_ExtPictCombo.pas"/>
        <Line Value="270"/>
      </Item4>
      <Item5>
        <Source Value="../Extended/forms/u_about.pas"/>
        <Line Value="419"/>
      </Item5>
    </BreakPoints>
    <Exceptions Count="4">
      <Item1>
        <Name Value="EAbort"/>
      </Item1>
      <Item2>
        <Name Value="ECodetoolError"/>
      </Item2>
      <Item3>
        <Name Value="EFOpenError"/>
      </Item3>
      <Item4>
        <Name Value="EIBInterBaseError"/>
      </Item4>
    </Exceptions>
  </Debugging>
</CONFIG>