<?xml version="1.0"?>
<CONFIG>
  <ProjectOptions>
    <Version Value="9"/>
    <General>
      <MainUnit Value="0"/>
      <Title Value="AncestroWebExe"/>
      <UseXPManifest Value="True"/>
      <Icon Value="0"/>
      <ActiveWindowIndexAtStart Value="0"/>
    </General>
    <VersionInfo>
      <UseVersionInfo Value="True"/>
      <MajorVersionNr Value="1"/>
      <MinorVersionNr Value="1"/>
      <RevisionNr Value="5"/>
      <BuildNr Value="2"/>
      <Language Value=""/>
      <CharSet Value=""/>
      <StringTable ProductVersion=""/>
    </VersionInfo>
    <BuildModes Count="1">
      <Item1 Name="default" Default="True"/>
    </BuildModes>
    <PublishOptions>
      <Version Value="2"/>
      <IgnoreBinaries Value="False"/>
      <IncludeFileFilter Value="*.(pas|pp|inc|lfm|lpr|lrs|lpi|lpk|sh|xml)"/>
      <ExcludeFileFilter Value="*.(bak|ppu|ppw|o|so);*~;backup"/>
    </PublishOptions>
    <RunParams>
      <local>
        <FormatVersion Value="1"/>
        <LaunchingApplication PathPlusParams="/usr/X11R6/bin/xterm -T 'Lazarus Run Output' -e $(LazarusDir)/tools/runwait.sh $(TargetCmdLine)"/>
      </local>
    </RunParams>
    <RequiredPackages Count="10">
      <Item1>
        <PackageName Value="uniqueinstance_package"/>
      </Item1>
      <Item2>
        <PackageName Value="VampyreImagingPackage"/>
      </Item2>
      <Item3>
        <PackageName Value="JvXPBarLaz"/>
      </Item3>
      <Item4>
        <PackageName Value="ExtCopy"/>
      </Item4>
      <Item5>
        <PackageName Value="lazfonctions"/>
      </Item5>
      <Item6>
        <PackageName Value="ExtHTML"/>
      </Item6>
      <Item7>
        <PackageName Value="lazextcomponents"/>
        <MinVersion Minor="9" Build="4" Valid="True"/>
      </Item7>
      <Item8>
        <PackageName Value="ibexpress"/>
      </Item8>
      <Item9>
        <PackageName Value="FCL"/>
        <MinVersion Major="1" Valid="True"/>
      </Item9>
      <Item10>
        <PackageName Value="LCL"/>
      </Item10>
    </RequiredPackages>
    <Units Count="12">
      <Unit0>
        <Filename Value="AncestroWebExe.lpr"/>
        <IsPartOfProject Value="True"/>
        <UnitName Value="demo"/>
        <WindowIndex Value="0"/>
        <TopLine Value="1"/>
        <CursorPos X="30" Y="12"/>
        <UsageCount Value="200"/>
        <DefaultSyntaxHighlighter Value="Delphi"/>
      </Unit0>
      <Unit1>
        <Filename Value="u_ancestroweb.pas"/>
        <IsPartOfProject Value="True"/>
        <ComponentName Value="F_AncestroWeb"/>
        <HasResources Value="True"/>
        <ResourceBaseClass Value="Form"/>
        <UnitName Value="U_AncestroWeb"/>
        <IsVisibleTab Value="True"/>
        <EditorIndex Value="0"/>
        <WindowIndex Value="0"/>
        <TopLine Value="38"/>
        <CursorPos X="28" Y="45"/>
        <UsageCount Value="200"/>
        <Loaded Value="True"/>
        <DefaultSyntaxHighlighter Value="Delphi"/>
      </Unit1>
      <Unit2>
        <Filename Value="u_dmweb.pas"/>
        <IsPartOfProject Value="True"/>
        <ComponentName Value="DMWeb"/>
        <HasResources Value="True"/>
        <ResourceBaseClass Value="DataModule"/>
        <UnitName Value="U_DMWeb"/>
        <EditorIndex Value="3"/>
        <WindowIndex Value="0"/>
        <TopLine Value="56"/>
        <CursorPos X="112" Y="56"/>
        <UsageCount Value="200"/>
        <Loaded Value="True"/>
        <LoadedDesigner Value="True"/>
        <DefaultSyntaxHighlighter Value="Delphi"/>
      </Unit2>
      <Unit3>
        <Filename Value="DefObjet.pas"/>
        <IsPartOfProject Value="True"/>
        <UnitName Value="DefObjet"/>
        <WindowIndex Value="0"/>
        <TopLine Value="28"/>
        <CursorPos X="17" Y="60"/>
        <UsageCount Value="481"/>
        <DefaultSyntaxHighlighter Value="Delphi"/>
      </Unit3>
      <Unit4>
        <Filename Value="../ibx/runtime/IB.pas"/>
        <UnitName Value="IB"/>
        <WindowIndex Value="0"/>
        <TopLine Value="355"/>
        <CursorPos X="36" Y="362"/>
        <UsageCount Value="27"/>
      </Unit4>
      <Unit5>
        <Filename Value="../ExtHTML/functions/functions_html_tree.pas"/>
        <UnitName Value="functions_html_tree"/>
        <WindowIndex Value="0"/>
        <TopLine Value="1"/>
        <CursorPos X="36" Y="146"/>
        <UsageCount Value="58"/>
        <DefaultSyntaxHighlighter Value="Delphi"/>
      </Unit5>
      <Unit6>
        <Filename Value="../ExtHTML/functions/functions_html.pas"/>
        <UnitName Value="functions_html"/>
        <WindowIndex Value="0"/>
        <TopLine Value="170"/>
        <CursorPos X="16" Y="180"/>
        <UsageCount Value="58"/>
        <DefaultSyntaxHighlighter Value="Delphi"/>
      </Unit6>
      <Unit7>
        <Filename Value="../extended/fonctions/fonctions_languages.pas"/>
        <UnitName Value="fonctions_languages"/>
        <WindowIndex Value="0"/>
        <TopLine Value="66"/>
        <CursorPos X="122" Y="150"/>
        <UsageCount Value="13"/>
      </Unit7>
      <Unit8>
        <Filename Value="ancestroweb_strings.pas"/>
        <IsPartOfProject Value="True"/>
        <UnitName Value="AncestroWeb_strings"/>
        <EditorIndex Value="2"/>
        <WindowIndex Value="0"/>
        <TopLine Value="1"/>
        <CursorPos X="76" Y="25"/>
        <UsageCount Value="200"/>
        <Loaded Value="True"/>
        <DefaultSyntaxHighlighter Value="Delphi"/>
      </Unit8>
      <Unit9>
        <Filename Value="u_ancestroweb.lfm"/>
        <WindowIndex Value="0"/>
        <TopLine Value="1466"/>
        <CursorPos X="1" Y="1483"/>
        <UsageCount Value="10"/>
        <DefaultSyntaxHighlighter Value="LFM"/>
      </Unit9>
      <Unit10>
        <Filename Value="../Extended/fonctions/fonctions_images.pas"/>
        <UnitName Value="fonctions_images"/>
        <WindowIndex Value="0"/>
        <TopLine Value="1"/>
        <CursorPos X="110" Y="41"/>
        <UsageCount Value="4"/>
      </Unit10>
      <Unit11>
        <Filename Value="ExtHTML/functions/functions_html.pas"/>
        <UnitName Value="functions_html"/>
        <EditorIndex Value="1"/>
        <WindowIndex Value="0"/>
        <TopLine Value="612"/>
        <CursorPos X="5" Y="539"/>
        <UsageCount Value="177"/>
        <Loaded Value="True"/>
      </Unit11>
    </Units>
    <JumpHistory Count="29" HistoryIndex="28">
      <Position1>
        <Filename Value="u_ancestroweb.pas"/>
        <Caret Line="279" Column="43" TopLine="243"/>
      </Position1>
      <Position2>
        <Filename Value="u_ancestroweb.pas"/>
        <Caret Line="302" Column="23" TopLine="266"/>
      </Position2>
      <Position3>
        <Filename Value="u_ancestroweb.pas"/>
        <Caret Line="346" Column="13" TopLine="310"/>
      </Position3>
      <Position4>
        <Filename Value="u_ancestroweb.pas"/>
        <Caret Line="1" Column="1" TopLine="1"/>
      </Position4>
      <Position5>
        <Filename Value="u_ancestroweb.pas"/>
        <Caret Line="428" Column="14" TopLine="392"/>
      </Position5>
      <Position6>
        <Filename Value="u_ancestroweb.pas"/>
        <Caret Line="433" Column="37" TopLine="431"/>
      </Position6>
      <Position7>
        <Filename Value="u_ancestroweb.pas"/>
        <Caret Line="832" Column="3" TopLine="796"/>
      </Position7>
      <Position8>
        <Filename Value="u_ancestroweb.pas"/>
        <Caret Line="1" Column="1" TopLine="1"/>
      </Position8>
      <Position9>
        <Filename Value="u_ancestroweb.pas"/>
        <Caret Line="328" Column="28" TopLine="292"/>
      </Position9>
      <Position10>
        <Filename Value="u_ancestroweb.pas"/>
        <Caret Line="428" Column="16" TopLine="392"/>
      </Position10>
      <Position11>
        <Filename Value="u_ancestroweb.pas"/>
        <Caret Line="431" Column="42" TopLine="395"/>
      </Position11>
      <Position12>
        <Filename Value="u_ancestroweb.pas"/>
        <Caret Line="433" Column="39" TopLine="397"/>
      </Position12>
      <Position13>
        <Filename Value="u_ancestroweb.pas"/>
        <Caret Line="832" Column="16" TopLine="796"/>
      </Position13>
      <Position14>
        <Filename Value="u_ancestroweb.pas"/>
        <Caret Line="2800" Column="17" TopLine="2796"/>
      </Position14>
      <Position15>
        <Filename Value="u_ancestroweb.pas"/>
        <Caret Line="2794" Column="15" TopLine="2790"/>
      </Position15>
      <Position16>
        <Filename Value="u_ancestroweb.pas"/>
        <Caret Line="436" Column="3" TopLine="413"/>
      </Position16>
      <Position17>
        <Filename Value="u_ancestroweb.pas"/>
        <Caret Line="445" Column="25" TopLine="413"/>
      </Position17>
      <Position18>
        <Filename Value="ancestroweb_strings.pas"/>
        <Caret Line="61" Column="36" TopLine="60"/>
      </Position18>
      <Position19>
        <Filename Value="ancestroweb_strings.pas"/>
        <Caret Line="1" Column="1" TopLine="1"/>
      </Position19>
      <Position20>
        <Filename Value="ancestroweb_strings.pas"/>
        <Caret Line="21" Column="21" TopLine="1"/>
      </Position20>
      <Position21>
        <Filename Value="u_ancestroweb.pas"/>
        <Caret Line="422" Column="48" TopLine="413"/>
      </Position21>
      <Position22>
        <Filename Value="u_ancestroweb.pas"/>
        <Caret Line="1" Column="1" TopLine="1"/>
      </Position22>
      <Position23>
        <Filename Value="u_ancestroweb.pas"/>
        <Caret Line="1734" Column="28" TopLine="1734"/>
      </Position23>
      <Position24>
        <Filename Value="u_ancestroweb.pas"/>
        <Caret Line="2050" Column="57" TopLine="2014"/>
      </Position24>
      <Position25>
        <Filename Value="u_ancestroweb.pas"/>
        <Caret Line="1" Column="1" TopLine="1"/>
      </Position25>
      <Position26>
        <Filename Value="u_ancestroweb.pas"/>
        <Caret Line="1763" Column="25" TopLine="1734"/>
      </Position26>
      <Position27>
        <Filename Value="u_ancestroweb.pas"/>
        <Caret Line="1752" Column="32" TopLine="1734"/>
      </Position27>
      <Position28>
        <Filename Value="u_ancestroweb.pas"/>
        <Caret Line="1747" Column="30" TopLine="1725"/>
      </Position28>
      <Position29>
        <Filename Value="u_ancestroweb.pas"/>
        <Caret Line="1752" Column="32" TopLine="1730"/>
      </Position29>
    </JumpHistory>
  </ProjectOptions>
  <CompilerOptions>
    <Version Value="9"/>
    <SearchPaths>
      <IncludeFiles Value="$(ProjOutDir)"/>
      <UnitOutputDirectory Value="Plugins/$(TargetCPU)-$(TargetOS)"/>
    </SearchPaths>
    <Parsing>
      <SyntaxOptions>
        <SyntaxMode Value="Delphi"/>
        <UseAnsiStrings Value="False"/>
      </SyntaxOptions>
    </Parsing>
    <CodeGeneration>
      <Optimizations>
        <OptimizationLevel Value="3"/>
      </Optimizations>
    </CodeGeneration>
    <Linking>
      <Debugging>
        <UseLineInfoUnit Value="False"/>
      </Debugging>
      <LinkSmart Value="True"/>
      <Options>
        <Win32>
          <GraphicApplication Value="True"/>
        </Win32>
      </Options>
    </Linking>
    <Other>
      <Verbosity>
        <ShoLineNum Value="True"/>
        <ShowAllProcsOnError Value="True"/>
      </Verbosity>
      <WriteFPCLogo Value="False"/>
      <CompilerMessages>
        <UseMsgFile Value="True"/>
      </CompilerMessages>
      <CompilerPath Value="$(CompPath)"/>
    </Other>
  </CompilerOptions>
  <Debugging>
    <BreakPoints Count="5">
      <Item1>
        <Source Value="/usr/lib/lazarus/0.9.30/lcl/include/customcombobox.inc"/>
        <Line Value="308"/>
      </Item1>
      <Item2>
        <Source Value="/usr/lib/lazarus/0.9.30/lcl/include/customcombobox.inc"/>
        <Line Value="514"/>
      </Item2>
      <Item3>
        <Source Value="/usr/lib/lazarus/0.9.30/lcl/include/customcombobox.inc"/>
        <Line Value="625"/>
      </Item3>
      <Item4>
        <Source Value="../Extended/composants/U_ExtPictCombo.pas"/>
        <Line Value="270"/>
      </Item4>
      <Item5>
        <Source Value="../Extended/forms/u_about.pas"/>
        <Line Value="419"/>
      </Item5>
    </BreakPoints>
    <Exceptions Count="4">
      <Item1>
        <Name Value="EAbort"/>
      </Item1>
      <Item2>
        <Name Value="ECodetoolError"/>
      </Item2>
      <Item3>
        <Name Value="EFOpenError"/>
      </Item3>
      <Item4>
        <Name Value="EIBInterBaseError"/>
      </Item4>
    </Exceptions>
  </Debugging>
</CONFIG>
